
Microsoft Visual Studio Solution File, Format Version 12.00
# Visual Studio Version 17
VisualStudioVersion = 17.5.33516.290
MinimumVisualStudioVersion = 10.0.40219.1
Project("{9A19103F-16F7-4668-BE54-9A1E7A4F7556}") = "OnionCrafter.Base", "src\OnionCrafter.Base\OnionCrafter.Base.csproj", "{B60AC8E7-C4D2-46C2-B4A5-348A6A337103}"
EndProject
Project("{9A19103F-16F7-4668-BE54-9A1E7A4F7556}") = "OnionCrafter.Base.UnitTest", "tests\OnionCrafter.Base.UnitTest\OnionCrafter.Base.UnitTest.csproj", "{044298A7-5973-473D-98ED-B2CB8BD02074}"
EndProject
Global
	GlobalSection(SolutionConfigurationPlatforms) = preSolution
		Debug|Any CPU = Debug|Any CPU
		Release|Any CPU = Release|Any CPU
	EndGlobalSection
	GlobalSection(ProjectConfigurationPlatforms) = postSolution
		{B60AC8E7-C4D2-46C2-B4A5-348A6A337103}.Debug|Any CPU.ActiveCfg = Debug|Any CPU
		{B60AC8E7-C4D2-46C2-B4A5-348A6A337103}.Debug|Any CPU.Build.0 = Debug|Any CPU
		{B60AC8E7-C4D2-46C2-B4A5-348A6A337103}.Release|Any CPU.ActiveCfg = Release|Any CPU
		{B60AC8E7-C4D2-46C2-B4A5-348A6A337103}.Release|Any CPU.Build.0 = Release|Any CPU
		{044298A7-5973-473D-98ED-B2CB8BD02074}.Debug|Any CPU.ActiveCfg = Debug|Any CPU
		{044298A7-5973-473D-98ED-B2CB8BD02074}.Debug|Any CPU.Build.0 = Debug|Any CPU
		{044298A7-5973-473D-98ED-B2CB8BD02074}.Release|Any CPU.ActiveCfg = Release|Any CPU
	EndGlobalSection
	GlobalSection(SolutionProperties) = preSolution
		HideSolutionNode = FALSE
	EndGlobalSection
	GlobalSection(ExtensibilityGlobals) = postSolution
		SolutionGuid = {CF6141C2-B5D0-402A-B505-CACE7067624E}
	EndGlobalSection
EndGlobal
